{
  "name": "Code",
  "lockfileVersion": 2,
  "requires": true,
  "packages": {
    "": {
      "dependencies": {
        "request-animation-frame-polyfill": "^1.1.2",
        "smoothscroll-polyfill": "^0.4.4"
      }
    },
    "node_modules/request-animation-frame-polyfill": {
      "version": "1.1.2",
      "resolved": "https://registry.npmjs.org/request-animation-frame-polyfill/-/request-animation-frame-polyfill-1.1.2.tgz",
      "integrity": "sha512-6qqZrrCZT+yLuI4jrGn3qWPiqp/yKcd+thD0YvXubMNFDG9Cj6/KbeieJXT2qo+bEHTuJgRysJuvR7lgfH4mXw=="
    },
    "node_modules/smoothscroll-polyfill": {
      "version": "0.4.4",
      "resolved": "https://registry.npmjs.org/smoothscroll-polyfill/-/smoothscroll-polyfill-0.4.4.tgz",
      "integrity": "sha512-TK5ZA9U5RqCwMpfoMq/l1mrH0JAR7y7KRvOBx0n2869aLxch+gT9GhN3yUfjiw+d/DiF1mKo14+hd62JyMmoBg=="
    }
  },
  "dependencies": {
    "request-animation-frame-polyfill": {
      "version": "1.1.2",
      "resolved": "https://registry.npmjs.org/request-animation-frame-polyfill/-/request-animation-frame-polyfill-1.1.2.tgz",
      "integrity": "sha512-6qqZrrCZT+yLuI4jrGn3qWPiqp/yKcd+thD0YvXubMNFDG9Cj6/KbeieJXT2qo+bEHTuJgRysJuvR7lgfH4mXw=="
    },
    "smoothscroll-polyfill": {
      "version": "0.4.4",
      "resolved": "https://registry.npmjs.org/smoothscroll-polyfill/-/smoothscroll-polyfill-0.4.4.tgz",
      "integrity": "sha512-TK5ZA9U5RqCwMpfoMq/l1mrH0JAR7y7KRvOBx0n2869aLxch+gT9GhN3yUfjiw+d/DiF1mKo14+hd62JyMmoBg=="
    }
  }
}
